// !$*UTF8*$!
{
	archiveVersion = 1;
	classes = {
	};
	objectVersion = 46;
	objects = {

/* Begin PBXBuildFile section */
		3E6A281B1FB6C25C009458A7 /* Label.cpp in Sources */ = {isa = PBXBuildFile; fileRef = 3E6A28191FB6C25C009458A7 /* Label.cpp */; };
		3EB347BF1FAAC28F0031025E /* Window.cpp in Sources */ = {isa = PBXBuildFile; fileRef = 3EB347BD1FAAC28F0031025E /* Window.cpp */; };
		3EB347C51FAAE19B0031025E /* Colors.cpp in Sources */ = {isa = PBXBuildFile; fileRef = 3EB347C31FAAE19B0031025E /* Colors.cpp */; };
		3EB347C81FAEC57C0031025E /* SplashWindow.cpp in Sources */ = {isa = PBXBuildFile; fileRef = 3EB347C61FAEC57C0031025E /* SplashWindow.cpp */; };
		3EB347CB1FAEC59E0031025E /* MainWindow.cpp in Sources */ = {isa = PBXBuildFile; fileRef = 3EB347C91FAEC59E0031025E /* MainWindow.cpp */; };
		3EB347CE1FAEC5B80031025E /* ExitWindow.cpp in Sources */ = {isa = PBXBuildFile; fileRef = 3EB347CC1FAEC5B80031025E /* ExitWindow.cpp */; };
		3EB347D11FB019CA0031025E /* Button.cpp in Sources */ = {isa = PBXBuildFile; fileRef = 3EB347CF1FB019CA0031025E /* Button.cpp */; };
		3EB347D41FB2A6350031025E /* CursesUtil.cpp in Sources */ = {isa = PBXBuildFile; fileRef = 3EB347D21FB2A6350031025E /* CursesUtil.cpp */; };
		3ED7858E1FA58EDF002D9B78 /* main.cpp in Sources */ = {isa = PBXBuildFile; fileRef = 3ED7858D1FA58EDF002D9B78 /* main.cpp */; };
		3ED7859C1FA591A3002D9B78 /* ConsoleManager.cpp in Sources */ = {isa = PBXBuildFile; fileRef = 3ED785941FA591A3002D9B78 /* ConsoleManager.cpp */; };
		3ED7859D1FA591A3002D9B78 /* LogManager.cpp in Sources */ = {isa = PBXBuildFile; fileRef = 3ED785961FA591A3002D9B78 /* LogManager.cpp */; };
		3ED7859E1FA591A3002D9B78 /* FileManager.cpp in Sources */ = {isa = PBXBuildFile; fileRef = 3ED785981FA591A3002D9B78 /* FileManager.cpp */; };
		3ED7859F1FA591A3002D9B78 /* GameManager.cpp in Sources */ = {isa = PBXBuildFile; fileRef = 3ED7859A1FA591A3002D9B78 /* GameManager.cpp */; };
		3ED785A21FA5B668002D9B78 /* libcurses.tbd in Frameworks */ = {isa = PBXBuildFile; fileRef = 3ED785A11FA5B668002D9B78 /* libcurses.tbd */; };
/* End PBXBuildFile section */

/* Begin PBXCopyFilesBuildPhase section */
		3ED785881FA58EDF002D9B78 /* CopyFiles */ = {
			isa = PBXCopyFilesBuildPhase;
			buildActionMask = 2147483647;
			dstPath = /usr/share/man/man1/;
			dstSubfolderSpec = 0;
			files = (
			);
			runOnlyForDeploymentPostprocessing = 1;
		};
/* End PBXCopyFilesBuildPhase section */

/* Begin PBXFileReference section */
		3E6A28171FB69F23009458A7 /* EventPublisher.h */ = {isa = PBXFileReference; fileEncoding = 4; lastKnownFileType = sourcecode.c.h; path = EventPublisher.h; sourceTree = "<group>"; };
		3E6A28181FB69F23009458A7 /* EventSubscriber.h */ = {isa = PBXFileReference; fileEncoding = 4; lastKnownFileType = sourcecode.c.h; path = EventSubscriber.h; sourceTree = "<group>"; };
		3E6A28191FB6C25C009458A7 /* Label.cpp */ = {isa = PBXFileReference; fileEncoding = 4; lastKnownFileType = sourcecode.cpp.cpp; path = Label.cpp; sourceTree = "<group>"; };
		3E6A281A1FB6C25C009458A7 /* Label.h */ = {isa = PBXFileReference; fileEncoding = 4; lastKnownFileType = sourcecode.c.h; path = Label.h; sourceTree = "<group>"; };
		3EB347BD1FAAC28F0031025E /* Window.cpp */ = {isa = PBXFileReference; fileEncoding = 4; lastKnownFileType = sourcecode.cpp.cpp; path = Window.cpp; sourceTree = "<group>"; };
		3EB347BE1FAAC28F0031025E /* Window.h */ = {isa = PBXFileReference; fileEncoding = 4; lastKnownFileType = sourcecode.c.h; path = Window.h; sourceTree = "<group>"; };
		3EB347C31FAAE19B0031025E /* Colors.cpp */ = {isa = PBXFileReference; fileEncoding = 4; lastKnownFileType = sourcecode.cpp.cpp; path = Colors.cpp; sourceTree = "<group>"; };
		3EB347C41FAAE19B0031025E /* Colors.h */ = {isa = PBXFileReference; fileEncoding = 4; lastKnownFileType = sourcecode.c.h; path = Colors.h; sourceTree = "<group>"; };
		3EB347C61FAEC57C0031025E /* SplashWindow.cpp */ = {isa = PBXFileReference; fileEncoding = 4; lastKnownFileType = sourcecode.cpp.cpp; path = SplashWindow.cpp; sourceTree = "<group>"; };
		3EB347C71FAEC57C0031025E /* SplashWindow.h */ = {isa = PBXFileReference; fileEncoding = 4; lastKnownFileType = sourcecode.c.h; path = SplashWindow.h; sourceTree = "<group>"; };
		3EB347C91FAEC59E0031025E /* MainWindow.cpp */ = {isa = PBXFileReference; fileEncoding = 4; lastKnownFileType = sourcecode.cpp.cpp; path = MainWindow.cpp; sourceTree = "<group>"; };
		3EB347CA1FAEC59E0031025E /* MainWindow.h */ = {isa = PBXFileReference; fileEncoding = 4; lastKnownFileType = sourcecode.c.h; path = MainWindow.h; sourceTree = "<group>"; };
		3EB347CC1FAEC5B80031025E /* ExitWindow.cpp */ = {isa = PBXFileReference; fileEncoding = 4; lastKnownFileType = sourcecode.cpp.cpp; path = ExitWindow.cpp; sourceTree = "<group>"; };
		3EB347CD1FAEC5B80031025E /* ExitWindow.h */ = {isa = PBXFileReference; fileEncoding = 4; lastKnownFileType = sourcecode.c.h; path = ExitWindow.h; sourceTree = "<group>"; };
		3EB347CF1FB019CA0031025E /* Button.cpp */ = {isa = PBXFileReference; fileEncoding = 4; lastKnownFileType = sourcecode.cpp.cpp; path = Button.cpp; sourceTree = "<group>"; };
		3EB347D01FB019CA0031025E /* Button.h */ = {isa = PBXFileReference; fileEncoding = 4; lastKnownFileType = sourcecode.c.h; path = Button.h; sourceTree = "<group>"; };
		3EB347D21FB2A6350031025E /* CursesUtil.cpp */ = {isa = PBXFileReference; fileEncoding = 4; lastKnownFileType = sourcecode.cpp.cpp; path = CursesUtil.cpp; sourceTree = "<group>"; };
		3EB347D31FB2A6350031025E /* CursesUtil.h */ = {isa = PBXFileReference; fileEncoding = 4; lastKnownFileType = sourcecode.c.h; path = CursesUtil.h; sourceTree = "<group>"; };
		3ED7858A1FA58EDF002D9B78 /* aboqa */ = {isa = PBXFileReference; explicitFileType = "compiled.mach-o.executable"; includeInIndex = 0; path = aboqa; sourceTree = BUILT_PRODUCTS_DIR; };
		3ED7858D1FA58EDF002D9B78 /* main.cpp */ = {isa = PBXFileReference; lastKnownFileType = sourcecode.cpp.cpp; path = main.cpp; sourceTree = "<group>"; };
		3ED785941FA591A3002D9B78 /* ConsoleManager.cpp */ = {isa = PBXFileReference; fileEncoding = 4; lastKnownFileType = sourcecode.cpp.cpp; path = ConsoleManager.cpp; sourceTree = "<group>"; };
		3ED785951FA591A3002D9B78 /* ConsoleManager.h */ = {isa = PBXFileReference; fileEncoding = 4; lastKnownFileType = sourcecode.c.h; path = ConsoleManager.h; sourceTree = "<group>"; };
		3ED785961FA591A3002D9B78 /* LogManager.cpp */ = {isa = PBXFileReference; fileEncoding = 4; lastKnownFileType = sourcecode.cpp.cpp; path = LogManager.cpp; sourceTree = "<group>"; };
		3ED785971FA591A3002D9B78 /* LogManager.h */ = {isa = PBXFileReference; fileEncoding = 4; lastKnownFileType = sourcecode.c.h; path = LogManager.h; sourceTree = "<group>"; };
		3ED785981FA591A3002D9B78 /* FileManager.cpp */ = {isa = PBXFileReference; fileEncoding = 4; lastKnownFileType = sourcecode.cpp.cpp; path = FileManager.cpp; sourceTree = "<group>"; };
		3ED785991FA591A3002D9B78 /* FileManager.h */ = {isa = PBXFileReference; fileEncoding = 4; lastKnownFileType = sourcecode.c.h; path = FileManager.h; sourceTree = "<group>"; };
		3ED7859A1FA591A3002D9B78 /* GameManager.cpp */ = {isa = PBXFileReference; fileEncoding = 4; lastKnownFileType = sourcecode.cpp.cpp; path = GameManager.cpp; sourceTree = "<group>"; };
		3ED7859B1FA591A3002D9B78 /* GameManager.h */ = {isa = PBXFileReference; fileEncoding = 4; lastKnownFileType = sourcecode.c.h; path = GameManager.h; sourceTree = "<group>"; };
		3ED785A11FA5B668002D9B78 /* libcurses.tbd */ = {isa = PBXFileReference; lastKnownFileType = "sourcecode.text-based-dylib-definition"; name = libcurses.tbd; path = usr/lib/libcurses.tbd; sourceTree = SDKROOT; };
/* End PBXFileReference section */

/* Begin PBXFrameworksBuildPhase section */
		3ED785871FA58EDF002D9B78 /* Frameworks */ = {
			isa = PBXFrameworksBuildPhase;
			buildActionMask = 2147483647;
			files = (
				3ED785A21FA5B668002D9B78 /* libcurses.tbd in Frameworks */,
			);
			runOnlyForDeploymentPostprocessing = 0;
		};
/* End PBXFrameworksBuildPhase section */

/* Begin PBXGroup section */
		3ED785811FA58EDF002D9B78 = {
			isa = PBXGroup;
			children = (
				3ED7858C1FA58EDF002D9B78 /* aboqa */,
				3ED7858B1FA58EDF002D9B78 /* Products */,
				3ED785A01FA5B668002D9B78 /* Frameworks */,
			);
			sourceTree = "<group>";
		};
		3ED7858B1FA58EDF002D9B78 /* Products */ = {
			isa = PBXGroup;
			children = (
				3ED7858A1FA58EDF002D9B78 /* aboqa */,
			);
			name = Products;
			sourceTree = "<group>";
		};
		3ED7858C1FA58EDF002D9B78 /* aboqa */ = {
			isa = PBXGroup;
			children = (
				3E6A28171FB69F23009458A7 /* EventPublisher.h */,
				3E6A28181FB69F23009458A7 /* EventSubscriber.h */,
				3EB347C31FAAE19B0031025E /* Colors.cpp */,
				3EB347C41FAAE19B0031025E /* Colors.h */,
				3ED785941FA591A3002D9B78 /* ConsoleManager.cpp */,
				3ED785951FA591A3002D9B78 /* ConsoleManager.h */,
				3ED785961FA591A3002D9B78 /* LogManager.cpp */,
				3ED785971FA591A3002D9B78 /* LogManager.h */,
				3ED785981FA591A3002D9B78 /* FileManager.cpp */,
				3ED785991FA591A3002D9B78 /* FileManager.h */,
				3ED7859A1FA591A3002D9B78 /* GameManager.cpp */,
				3ED7859B1FA591A3002D9B78 /* GameManager.h */,
				3ED7858D1FA58EDF002D9B78 /* main.cpp */,
				3EB347BD1FAAC28F0031025E /* Window.cpp */,
				3EB347BE1FAAC28F0031025E /* Window.h */,
				3EB347C61FAEC57C0031025E /* SplashWindow.cpp */,
				3EB347C71FAEC57C0031025E /* SplashWindow.h */,
				3EB347C91FAEC59E0031025E /* MainWindow.cpp */,
				3EB347CA1FAEC59E0031025E /* MainWindow.h */,
				3EB347CC1FAEC5B80031025E /* ExitWindow.cpp */,
				3EB347CD1FAEC5B80031025E /* ExitWindow.h */,
				3EB347CF1FB019CA0031025E /* Button.cpp */,
				3EB347D01FB019CA0031025E /* Button.h */,
				3EB347D21FB2A6350031025E /* CursesUtil.cpp */,
				3EB347D31FB2A6350031025E /* CursesUtil.h */,
				3E6A28191FB6C25C009458A7 /* Label.cpp */,
				3E6A281A1FB6C25C009458A7 /* Label.h */,
			);
			path = aboqa;
			sourceTree = "<group>";
		};
		3ED785A01FA5B668002D9B78 /* Frameworks */ = {
			isa = PBXGroup;
			children = (
				3ED785A11FA5B668002D9B78 /* libcurses.tbd */,
			);
			name = Frameworks;
			sourceTree = "<group>";
		};
/* End PBXGroup section */

/* Begin PBXNativeTarget section */
		3ED785891FA58EDF002D9B78 /* aboqa */ = {
			isa = PBXNativeTarget;
			buildConfigurationList = 3ED785911FA58EDF002D9B78 /* Build configuration list for PBXNativeTarget "aboqa" */;
			buildPhases = (
				3ED785861FA58EDF002D9B78 /* Sources */,
				3ED785871FA58EDF002D9B78 /* Frameworks */,
				3ED785881FA58EDF002D9B78 /* CopyFiles */,
			);
			buildRules = (
			);
			dependencies = (
			);
			name = aboqa;
			productName = aboqa;
			productReference = 3ED7858A1FA58EDF002D9B78 /* aboqa */;
			productType = "com.apple.product-type.tool";
		};
/* End PBXNativeTarget section */

/* Begin PBXProject section */
		3ED785821FA58EDF002D9B78 /* Project object */ = {
			isa = PBXProject;
			attributes = {
				LastUpgradeCheck = 0820;
				ORGANIZATIONNAME = "Take Up Code";
				TargetAttributes = {
					3ED785891FA58EDF002D9B78 = {
						CreatedOnToolsVersion = 8.2.1;
						ProvisioningStyle = Automatic;
					};
				};
			};
			buildConfigurationList = 3ED785851FA58EDF002D9B78 /* Build configuration list for PBXProject "aboqa" */;
			compatibilityVersion = "Xcode 3.2";
			developmentRegion = English;
			hasScannedForEncodings = 0;
			knownRegions = (
				en,
			);
			mainGroup = 3ED785811FA58EDF002D9B78;
			productRefGroup = 3ED7858B1FA58EDF002D9B78 /* Products */;
			projectDirPath = "";
			projectRoot = "";
			targets = (
				3ED785891FA58EDF002D9B78 /* aboqa */,
			);
		};
/* End PBXProject section */

/* Begin PBXSourcesBuildPhase section */
		3ED785861FA58EDF002D9B78 /* Sources */ = {
			isa = PBXSourcesBuildPhase;
			buildActionMask = 2147483647;
			files = (
				3ED7859D1FA591A3002D9B78 /* LogManager.cpp in Sources */,
				3EB347CE1FAEC5B80031025E /* ExitWindow.cpp in Sources */,
				3EB347D41FB2A6350031025E /* CursesUtil.cpp in Sources */,
				3EB347C51FAAE19B0031025E /* Colors.cpp in Sources */,
				3EB347BF1FAAC28F0031025E /* Window.cpp in Sources */,
				3ED7859F1FA591A3002D9B78 /* GameManager.cpp in Sources */,
				3EB347CB1FAEC59E0031025E /* MainWindow.cpp in Sources */,
				3E6A281B1FB6C25C009458A7 /* Label.cpp in Sources */,
				3EB347C81FAEC57C0031025E /* SplashWindow.cpp in Sources */,
				3ED7858E1FA58EDF002D9B78 /* main.cpp in Sources */,
				3ED7859C1FA591A3002D9B78 /* ConsoleManager.cpp in Sources */,
				3EB347D11FB019CA0031025E /* Button.cpp in Sources */,
				3ED7859E1FA591A3002D9B78 /* FileManager.cpp in Sources */,
			);
			runOnlyForDeploymentPostprocessing = 0;
		};
/* End PBXSourcesBuildPhase section */

/* Begin XCBuildConfiguration section */
		3ED7858F1FA58EDF002D9B78 /* Debug */ = {
			isa = XCBuildConfiguration;
			buildSettings = {
				ALWAYS_SEARCH_USER_PATHS = NO;
				CLANG_ANALYZER_NONNULL = YES;
				CLANG_CXX_LANGUAGE_STANDARD = "gnu++0x";
				CLANG_CXX_LIBRARY = "libc++";
				CLANG_ENABLE_MODULES = YES;
				CLANG_ENABLE_OBJC_ARC = YES;
				CLANG_WARN_BOOL_CONVERSION = YES;
				CLANG_WARN_CONSTANT_CONVERSION = YES;
				CLANG_WARN_DIRECT_OBJC_ISA_USAGE = YES_ERROR;
				CLANG_WARN_DOCUMENTATION_COMMENTS = YES;
				CLANG_WARN_EMPTY_BODY = YES;
				CLANG_WARN_ENUM_CONVERSION = YES;
				CLANG_WARN_INFINITE_RECURSION = YES;
				CLANG_WARN_INT_CONVERSION = YES;
				CLANG_WARN_OBJC_ROOT_CLASS = YES_ERROR;
				CLANG_WARN_SUSPICIOUS_MOVE = YES;
				CLANG_WARN_UNREACHABLE_CODE = YES;
				CLANG_WARN__DUPLICATE_METHOD_MATCH = YES;
				CODE_SIGN_IDENTITY = "-";
				COPY_PHASE_STRIP = NO;
				DEBUG_INFORMATION_FORMAT = dwarf;
				ENABLE_STRICT_OBJC_MSGSEND = YES;
				ENABLE_TESTABILITY = YES;
				GCC_C_LANGUAGE_STANDARD = gnu99;
				GCC_DYNAMIC_NO_PIC = NO;
				GCC_NO_COMMON_BLOCKS = YES;
				GCC_OPTIMIZATION_LEVEL = 0;
				GCC_PREPROCESSOR_DEFINITIONS = (
					"DEBUG=1",
					"$(inherited)",
				);
				GCC_WARN_64_TO_32_BIT_CONVERSION = YES;
				GCC_WARN_ABOUT_RETURN_TYPE = YES_ERROR;
				GCC_WARN_UNDECLARED_SELECTOR = YES;
				GCC_WARN_UNINITIALIZED_AUTOS = YES_AGGRESSIVE;
				GCC_WARN_UNUSED_FUNCTION = YES;
				GCC_WARN_UNUSED_VARIABLE = YES;
				MACOSX_DEPLOYMENT_TARGET = 10.11;
				MTL_ENABLE_DEBUG_INFO = YES;
				ONLY_ACTIVE_ARCH = YES;
				SDKROOT = macosx;
			};
			name = Debug;
		};
		3ED785901FA58EDF002D9B78 /* Release */ = {
			isa = XCBuildConfiguration;
			buildSettings = {
				ALWAYS_SEARCH_USER_PATHS = NO;
				CLANG_ANALYZER_NONNULL = YES;
				CLANG_CXX_LANGUAGE_STANDARD = "gnu++0x";
				CLANG_CXX_LIBRARY = "libc++";
				CLANG_ENABLE_MODULES = YES;
				CLANG_ENABLE_OBJC_ARC = YES;
				CLANG_WARN_BOOL_CONVERSION = YES;
				CLANG_WARN_CONSTANT_CONVERSION = YES;
				CLANG_WARN_DIRECT_OBJC_ISA_USAGE = YES_ERROR;
				CLANG_WARN_DOCUMENTATION_COMMENTS = YES;
				CLANG_WARN_EMPTY_BODY = YES;
				CLANG_WARN_ENUM_CONVERSION = YES;
				CLANG_WARN_INFINITE_RECURSION = YES;
				CLANG_WARN_INT_CONVERSION = YES;
				CLANG_WARN_OBJC_ROOT_CLASS = YES_ERROR;
				CLANG_WARN_SUSPICIOUS_MOVE = YES;
				CLANG_WARN_UNREACHABLE_CODE = YES;
				CLANG_WARN__DUPLICATE_METHOD_MATCH = YES;
				CODE_SIGN_IDENTITY = "-";
				COPY_PHASE_STRIP = NO;
				DEBUG_INFORMATION_FORMAT = "dwarf-with-dsym";
				ENABLE_NS_ASSERTIONS = NO;
				ENABLE_STRICT_OBJC_MSGSEND = YES;
				GCC_C_LANGUAGE_STANDARD = gnu99;
				GCC_NO_COMMON_BLOCKS = YES;
				GCC_WARN_64_TO_32_BIT_CONVERSION = YES;
				GCC_WARN_ABOUT_RETURN_TYPE = YES_ERROR;
				GCC_WARN_UNDECLARED_SELECTOR = YES;
				GCC_WARN_UNINITIALIZED_AUTOS = YES_AGGRESSIVE;
				GCC_WARN_UNUSED_FUNCTION = YES;
				GCC_WARN_UNUSED_VARIABLE = YES;
				MACOSX_DEPLOYMENT_TARGET = 10.11;
				MTL_ENABLE_DEBUG_INFO = NO;
				SDKROOT = macosx;
			};
			name = Release;
		};
		3ED785921FA58EDF002D9B78 /* Debug */ = {
			isa = XCBuildConfiguration;
			buildSettings = {
				PRODUCT_NAME = "$(TARGET_NAME)";
			};
			name = Debug;
		};
		3ED785931FA58EDF002D9B78 /* Release */ = {
			isa = XCBuildConfiguration;
			buildSettings = {
				PRODUCT_NAME = "$(TARGET_NAME)";
			};
			name = Release;
		};
/* End XCBuildConfiguration section */

/* Begin XCConfigurationList section */
		3ED785851FA58EDF002D9B78 /* Build configuration list for PBXProject "aboqa" */ = {
			isa = XCConfigurationList;
			buildConfigurations = (
				3ED7858F1FA58EDF002D9B78 /* Debug */,
				3ED785901FA58EDF002D9B78 /* Release */,
			);
			defaultConfigurationIsVisible = 0;
			defaultConfigurationName = Release;
		};
		3ED785911FA58EDF002D9B78 /* Build configuration list for PBXNativeTarget "aboqa" */ = {
			isa = XCConfigurationList;
			buildConfigurations = (
				3ED785921FA58EDF002D9B78 /* Debug */,
				3ED785931FA58EDF002D9B78 /* Release */,
			);
			defaultConfigurationIsVisible = 0;
			defaultConfigurationName = Release;
		};
/* End XCConfigurationList section */
	};
	rootObject = 3ED785821FA58EDF002D9B78 /* Project object */;
}
