// !$*UTF8*$!
{
	archiveVersion = 1;
	classes = {
	};
	objectVersion = 46;
	objects = {

/* Begin PBXBuildFile section */
		3E06180621210676000B634B /* InventoryWindow.cpp in Sources */ = {isa = PBXBuildFile; fileRef = 3E06180421210676000B634B /* InventoryWindow.cpp */; };
		3E06180E21211787000B634B /* CharacterSystem.cpp in Sources */ = {isa = PBXBuildFile; fileRef = 3E06180C21211787000B634B /* CharacterSystem.cpp */; };
		3E3F8412210D68E800501126 /* libboost_system-mt.dylib in Frameworks */ = {isa = PBXBuildFile; fileRef = 3E3F840B210D68E800501126 /* libboost_system-mt.dylib */; };
		3E3F8413210D68E800501126 /* libboost_filesystem-mt.dylib in Frameworks */ = {isa = PBXBuildFile; fileRef = 3E3F8411210D68E800501126 /* libboost_filesystem-mt.dylib */; };
		3E3F8414210D690800501126 /* libTUCUT-curses.a in Frameworks */ = {isa = PBXBuildFile; fileRef = 3E3F8403210D632900501126 /* libTUCUT-curses.a */; };
		3E3F8415210D690800501126 /* libTUCUT.a in Frameworks */ = {isa = PBXBuildFile; fileRef = 3E3F83FB210D632900501126 /* libTUCUT.a */; };
		3E59E6F92026649000C5009A /* libcurses.tbd in Frameworks */ = {isa = PBXBuildFile; fileRef = 3ED785A11FA5B668002D9B78 /* libcurses.tbd */; };
		3EA6428F20261FE300B5A6D2 /* world-0000.config in CopyFiles */ = {isa = PBXBuildFile; fileRef = 3E6A28301FC93EFD009458A7 /* world-0000.config */; };
		3EB347C81FAEC57C0031025E /* SplashWindow.cpp in Sources */ = {isa = PBXBuildFile; fileRef = 3EB347C61FAEC57C0031025E /* SplashWindow.cpp */; };
		3EB347CB1FAEC59E0031025E /* MainWindow.cpp in Sources */ = {isa = PBXBuildFile; fileRef = 3EB347C91FAEC59E0031025E /* MainWindow.cpp */; };
		3EB347CE1FAEC5B80031025E /* ExitWindow.cpp in Sources */ = {isa = PBXBuildFile; fileRef = 3EB347CC1FAEC5B80031025E /* ExitWindow.cpp */; };
		3ED7858E1FA58EDF002D9B78 /* main.cpp in Sources */ = {isa = PBXBuildFile; fileRef = 3ED7858D1FA58EDF002D9B78 /* main.cpp */; };
/* End PBXBuildFile section */

/* Begin PBXContainerItemProxy section */
		3E3F83FA210D632900501126 /* PBXContainerItemProxy */ = {
			isa = PBXContainerItemProxy;
			containerPortal = 3E3F83F1210D632800501126 /* TUCUT.xcodeproj */;
			proxyType = 2;
			remoteGlobalIDString = 3E259DAC20E3398E00F01379;
			remoteInfo = TUCUT;
		};
		3E3F83FC210D632900501126 /* PBXContainerItemProxy */ = {
			isa = PBXContainerItemProxy;
			containerPortal = 3E3F83F1210D632800501126 /* TUCUT.xcodeproj */;
			proxyType = 2;
			remoteGlobalIDString = 3E2F9C0F20FB7D0F008C90A9;
			remoteInfo = ProtocolCompiler;
		};
		3E3F83FE210D632900501126 /* PBXContainerItemProxy */ = {
			isa = PBXContainerItemProxy;
			containerPortal = 3E3F83F1210D632800501126 /* TUCUT.xcodeproj */;
			proxyType = 2;
			remoteGlobalIDString = 3ED4127420FED19500BC7226;
			remoteInfo = TestTUCUT;
		};
		3E3F8400210D632900501126 /* PBXContainerItemProxy */ = {
			isa = PBXContainerItemProxy;
			containerPortal = 3E3F83F1210D632800501126 /* TUCUT.xcodeproj */;
			proxyType = 2;
			remoteGlobalIDString = 3ED4129120FED29400BC7226;
			remoteInfo = TestProtocolCompiler;
		};
		3E3F8402210D632900501126 /* PBXContainerItemProxy */ = {
			isa = PBXContainerItemProxy;
			containerPortal = 3E3F83F1210D632800501126 /* TUCUT.xcodeproj */;
			proxyType = 2;
			remoteGlobalIDString = 3E3F83AF210A36CD00501126;
			remoteInfo = "TUCUT-curses";
		};
/* End PBXContainerItemProxy section */

/* Begin PBXCopyFilesBuildPhase section */
		3ED785881FA58EDF002D9B78 /* CopyFiles */ = {
			isa = PBXCopyFilesBuildPhase;
			buildActionMask = 12;
			dstPath = config;
			dstSubfolderSpec = 6;
			files = (
				3EA6428F20261FE300B5A6D2 /* world-0000.config in CopyFiles */,
			);
			runOnlyForDeploymentPostprocessing = 0;
		};
/* End PBXCopyFilesBuildPhase section */

/* Begin PBXFileReference section */
		3E06180421210676000B634B /* InventoryWindow.cpp */ = {isa = PBXFileReference; lastKnownFileType = sourcecode.cpp.cpp; path = InventoryWindow.cpp; sourceTree = "<group>"; };
		3E06180521210676000B634B /* InventoryWindow.h */ = {isa = PBXFileReference; lastKnownFileType = sourcecode.c.h; path = InventoryWindow.h; sourceTree = "<group>"; };
		3E06180C21211787000B634B /* CharacterSystem.cpp */ = {isa = PBXFileReference; lastKnownFileType = sourcecode.cpp.cpp; path = CharacterSystem.cpp; sourceTree = "<group>"; };
		3E06180D21211787000B634B /* CharacterSystem.h */ = {isa = PBXFileReference; lastKnownFileType = sourcecode.c.h; path = CharacterSystem.h; sourceTree = "<group>"; };
		3E3F83F1210D632800501126 /* TUCUT.xcodeproj */ = {isa = PBXFileReference; lastKnownFileType = "wrapper.pb-project"; path = TUCUT.xcodeproj; sourceTree = "<group>"; };
		3E3F840B210D68E800501126 /* libboost_system-mt.dylib */ = {isa = PBXFileReference; lastKnownFileType = "compiled.mach-o.dylib"; name = "libboost_system-mt.dylib"; path = "../../../../../opt/local/lib/libboost_system-mt.dylib"; sourceTree = "<group>"; };
		3E3F8411210D68E800501126 /* libboost_filesystem-mt.dylib */ = {isa = PBXFileReference; lastKnownFileType = "compiled.mach-o.dylib"; name = "libboost_filesystem-mt.dylib"; path = "../../../../../opt/local/lib/libboost_filesystem-mt.dylib"; sourceTree = "<group>"; };
		3E6A28301FC93EFD009458A7 /* world-0000.config */ = {isa = PBXFileReference; fileEncoding = 4; lastKnownFileType = text; path = "world-0000.config"; sourceTree = "<group>"; };
		3E6A28311FCA6076009458A7 /* libcurses.a */ = {isa = PBXFileReference; lastKnownFileType = archive.ar; name = libcurses.a; path = ../../../../../opt/local/lib/libcurses.a; sourceTree = "<group>"; };
		3EB347C61FAEC57C0031025E /* SplashWindow.cpp */ = {isa = PBXFileReference; fileEncoding = 4; lastKnownFileType = sourcecode.cpp.cpp; path = SplashWindow.cpp; sourceTree = "<group>"; };
		3EB347C71FAEC57C0031025E /* SplashWindow.h */ = {isa = PBXFileReference; fileEncoding = 4; lastKnownFileType = sourcecode.c.h; path = SplashWindow.h; sourceTree = "<group>"; };
		3EB347C91FAEC59E0031025E /* MainWindow.cpp */ = {isa = PBXFileReference; fileEncoding = 4; lastKnownFileType = sourcecode.cpp.cpp; path = MainWindow.cpp; sourceTree = "<group>"; };
		3EB347CA1FAEC59E0031025E /* MainWindow.h */ = {isa = PBXFileReference; fileEncoding = 4; lastKnownFileType = sourcecode.c.h; path = MainWindow.h; sourceTree = "<group>"; };
		3EB347CC1FAEC5B80031025E /* ExitWindow.cpp */ = {isa = PBXFileReference; fileEncoding = 4; lastKnownFileType = sourcecode.cpp.cpp; path = ExitWindow.cpp; sourceTree = "<group>"; };
		3EB347CD1FAEC5B80031025E /* ExitWindow.h */ = {isa = PBXFileReference; fileEncoding = 4; lastKnownFileType = sourcecode.c.h; path = ExitWindow.h; sourceTree = "<group>"; };
		3ED7858A1FA58EDF002D9B78 /* aboqa */ = {isa = PBXFileReference; explicitFileType = "compiled.mach-o.executable"; includeInIndex = 0; path = aboqa; sourceTree = BUILT_PRODUCTS_DIR; };
		3ED7858D1FA58EDF002D9B78 /* main.cpp */ = {isa = PBXFileReference; lastKnownFileType = sourcecode.cpp.cpp; path = main.cpp; sourceTree = "<group>"; };
		3ED785A11FA5B668002D9B78 /* libcurses.tbd */ = {isa = PBXFileReference; lastKnownFileType = "sourcecode.text-based-dylib-definition"; name = libcurses.tbd; path = usr/lib/libcurses.tbd; sourceTree = SDKROOT; };
/* End PBXFileReference section */

/* Begin PBXFrameworksBuildPhase section */
		3ED785871FA58EDF002D9B78 /* Frameworks */ = {
			isa = PBXFrameworksBuildPhase;
			buildActionMask = 2147483647;
			files = (
				3E3F8414210D690800501126 /* libTUCUT-curses.a in Frameworks */,
				3E3F8415210D690800501126 /* libTUCUT.a in Frameworks */,
				3E59E6F92026649000C5009A /* libcurses.tbd in Frameworks */,
				3E3F8412210D68E800501126 /* libboost_system-mt.dylib in Frameworks */,
				3E3F8413210D68E800501126 /* libboost_filesystem-mt.dylib in Frameworks */,
			);
			runOnlyForDeploymentPostprocessing = 0;
		};
/* End PBXFrameworksBuildPhase section */

/* Begin PBXGroup section */
		3E3F83ED210D58A800501126 /* submodules */ = {
			isa = PBXGroup;
			children = (
				3E3F83F0210D62D500501126 /* TUCUT */,
			);
			path = submodules;
			sourceTree = "<group>";
		};
		3E3F83F0210D62D500501126 /* TUCUT */ = {
			isa = PBXGroup;
			children = (
				3E3F83F1210D632800501126 /* TUCUT.xcodeproj */,
			);
			path = TUCUT;
			sourceTree = "<group>";
		};
		3E3F83F2210D632800501126 /* Products */ = {
			isa = PBXGroup;
			children = (
				3E3F83FB210D632900501126 /* libTUCUT.a */,
				3E3F83FD210D632900501126 /* ProtocolCompiler */,
				3E3F83FF210D632900501126 /* TestTUCUT */,
				3E3F8401210D632900501126 /* TestProtocolCompiler */,
				3E3F8403210D632900501126 /* libTUCUT-curses.a */,
			);
			name = Products;
			sourceTree = "<group>";
		};
		3E6A282F1FC93DD7009458A7 /* resources */ = {
			isa = PBXGroup;
			children = (
				3E6A28301FC93EFD009458A7 /* world-0000.config */,
			);
			path = resources;
			sourceTree = "<group>";
		};
		3ED785811FA58EDF002D9B78 = {
			isa = PBXGroup;
			children = (
				3E3F83ED210D58A800501126 /* submodules */,
				3E6A282F1FC93DD7009458A7 /* resources */,
				3ED7858C1FA58EDF002D9B78 /* aboqa */,
				3ED7858B1FA58EDF002D9B78 /* Products */,
				3ED785A01FA5B668002D9B78 /* Frameworks */,
			);
			sourceTree = "<group>";
		};
		3ED7858B1FA58EDF002D9B78 /* Products */ = {
			isa = PBXGroup;
			children = (
				3ED7858A1FA58EDF002D9B78 /* aboqa */,
			);
			name = Products;
			sourceTree = "<group>";
		};
		3ED7858C1FA58EDF002D9B78 /* aboqa */ = {
			isa = PBXGroup;
			children = (
				3ED7858D1FA58EDF002D9B78 /* main.cpp */,
				3EB347C61FAEC57C0031025E /* SplashWindow.cpp */,
				3EB347C71FAEC57C0031025E /* SplashWindow.h */,
				3EB347C91FAEC59E0031025E /* MainWindow.cpp */,
				3EB347CA1FAEC59E0031025E /* MainWindow.h */,
				3EB347CC1FAEC5B80031025E /* ExitWindow.cpp */,
				3EB347CD1FAEC5B80031025E /* ExitWindow.h */,
				3E06180421210676000B634B /* InventoryWindow.cpp */,
				3E06180521210676000B634B /* InventoryWindow.h */,
				3E06180C21211787000B634B /* CharacterSystem.cpp */,
				3E06180D21211787000B634B /* CharacterSystem.h */,
			);
			path = aboqa;
			sourceTree = "<group>";
		};
		3ED785A01FA5B668002D9B78 /* Frameworks */ = {
			isa = PBXGroup;
			children = (
				3E3F8411210D68E800501126 /* libboost_filesystem-mt.dylib */,
				3E3F840B210D68E800501126 /* libboost_system-mt.dylib */,
				3E6A28311FCA6076009458A7 /* libcurses.a */,
				3ED785A11FA5B668002D9B78 /* libcurses.tbd */,
			);
			name = Frameworks;
			sourceTree = "<group>";
		};
/* End PBXGroup section */

/* Begin PBXNativeTarget section */
		3ED785891FA58EDF002D9B78 /* aboqa */ = {
			isa = PBXNativeTarget;
			buildConfigurationList = 3ED785911FA58EDF002D9B78 /* Build configuration list for PBXNativeTarget "aboqa" */;
			buildPhases = (
				3ED785861FA58EDF002D9B78 /* Sources */,
				3ED785871FA58EDF002D9B78 /* Frameworks */,
				3ED785881FA58EDF002D9B78 /* CopyFiles */,
			);
			buildRules = (
			);
			dependencies = (
			);
			name = aboqa;
			productName = aboqa;
			productReference = 3ED7858A1FA58EDF002D9B78 /* aboqa */;
			productType = "com.apple.product-type.tool";
		};
/* End PBXNativeTarget section */

/* Begin PBXProject section */
		3ED785821FA58EDF002D9B78 /* Project object */ = {
			isa = PBXProject;
			attributes = {
				LastUpgradeCheck = 0820;
				ORGANIZATIONNAME = "Take Up Code";
				TargetAttributes = {
					3ED785891FA58EDF002D9B78 = {
						CreatedOnToolsVersion = 8.2.1;
						ProvisioningStyle = Automatic;
					};
				};
			};
			buildConfigurationList = 3ED785851FA58EDF002D9B78 /* Build configuration list for PBXProject "aboqa" */;
			compatibilityVersion = "Xcode 3.2";
			developmentRegion = English;
			hasScannedForEncodings = 0;
			knownRegions = (
				en,
			);
			mainGroup = 3ED785811FA58EDF002D9B78;
			productRefGroup = 3ED7858B1FA58EDF002D9B78 /* Products */;
			projectDirPath = "";
			projectReferences = (
				{
					ProductGroup = 3E3F83F2210D632800501126 /* Products */;
					ProjectRef = 3E3F83F1210D632800501126 /* TUCUT.xcodeproj */;
				},
			);
			projectRoot = "";
			targets = (
				3ED785891FA58EDF002D9B78 /* aboqa */,
			);
		};
/* End PBXProject section */

/* Begin PBXReferenceProxy section */
		3E3F83FB210D632900501126 /* libTUCUT.a */ = {
			isa = PBXReferenceProxy;
			fileType = archive.ar;
			path = libTUCUT.a;
			remoteRef = 3E3F83FA210D632900501126 /* PBXContainerItemProxy */;
			sourceTree = BUILT_PRODUCTS_DIR;
		};
		3E3F83FD210D632900501126 /* ProtocolCompiler */ = {
			isa = PBXReferenceProxy;
			fileType = "compiled.mach-o.executable";
			path = ProtocolCompiler;
			remoteRef = 3E3F83FC210D632900501126 /* PBXContainerItemProxy */;
			sourceTree = BUILT_PRODUCTS_DIR;
		};
		3E3F83FF210D632900501126 /* TestTUCUT */ = {
			isa = PBXReferenceProxy;
			fileType = "compiled.mach-o.executable";
			path = TestTUCUT;
			remoteRef = 3E3F83FE210D632900501126 /* PBXContainerItemProxy */;
			sourceTree = BUILT_PRODUCTS_DIR;
		};
		3E3F8401210D632900501126 /* TestProtocolCompiler */ = {
			isa = PBXReferenceProxy;
			fileType = "compiled.mach-o.executable";
			path = TestProtocolCompiler;
			remoteRef = 3E3F8400210D632900501126 /* PBXContainerItemProxy */;
			sourceTree = BUILT_PRODUCTS_DIR;
		};
		3E3F8403210D632900501126 /* libTUCUT-curses.a */ = {
			isa = PBXReferenceProxy;
			fileType = archive.ar;
			path = "libTUCUT-curses.a";
			remoteRef = 3E3F8402210D632900501126 /* PBXContainerItemProxy */;
			sourceTree = BUILT_PRODUCTS_DIR;
		};
/* End PBXReferenceProxy section */

/* Begin PBXSourcesBuildPhase section */
		3ED785861FA58EDF002D9B78 /* Sources */ = {
			isa = PBXSourcesBuildPhase;
			buildActionMask = 2147483647;
			files = (
				3E06180621210676000B634B /* InventoryWindow.cpp in Sources */,
				3EB347CE1FAEC5B80031025E /* ExitWindow.cpp in Sources */,
				3EB347CB1FAEC59E0031025E /* MainWindow.cpp in Sources */,
				3EB347C81FAEC57C0031025E /* SplashWindow.cpp in Sources */,
				3E06180E21211787000B634B /* CharacterSystem.cpp in Sources */,
				3ED7858E1FA58EDF002D9B78 /* main.cpp in Sources */,
			);
			runOnlyForDeploymentPostprocessing = 0;
		};
/* End PBXSourcesBuildPhase section */

/* Begin XCBuildConfiguration section */
		3ED7858F1FA58EDF002D9B78 /* Debug */ = {
			isa = XCBuildConfiguration;
			buildSettings = {
				ALWAYS_SEARCH_USER_PATHS = NO;
				CLANG_ANALYZER_NONNULL = YES;
				CLANG_CXX_LANGUAGE_STANDARD = "gnu++0x";
				CLANG_CXX_LIBRARY = "libc++";
				CLANG_ENABLE_MODULES = YES;
				CLANG_ENABLE_OBJC_ARC = YES;
				CLANG_WARN_BOOL_CONVERSION = YES;
				CLANG_WARN_CONSTANT_CONVERSION = YES;
				CLANG_WARN_DIRECT_OBJC_ISA_USAGE = YES_ERROR;
				CLANG_WARN_DOCUMENTATION_COMMENTS = YES;
				CLANG_WARN_EMPTY_BODY = YES;
				CLANG_WARN_ENUM_CONVERSION = YES;
				CLANG_WARN_INFINITE_RECURSION = YES;
				CLANG_WARN_INT_CONVERSION = YES;
				CLANG_WARN_OBJC_ROOT_CLASS = YES_ERROR;
				CLANG_WARN_SUSPICIOUS_MOVE = YES;
				CLANG_WARN_UNREACHABLE_CODE = YES;
				CLANG_WARN__DUPLICATE_METHOD_MATCH = YES;
				CODE_SIGN_IDENTITY = "-";
				COPY_PHASE_STRIP = NO;
				DEBUG_INFORMATION_FORMAT = dwarf;
				ENABLE_STRICT_OBJC_MSGSEND = YES;
				ENABLE_TESTABILITY = YES;
				GCC_C_LANGUAGE_STANDARD = gnu99;
				GCC_DYNAMIC_NO_PIC = NO;
				GCC_NO_COMMON_BLOCKS = YES;
				GCC_OPTIMIZATION_LEVEL = 0;
				GCC_PREPROCESSOR_DEFINITIONS = (
					"DEBUG=1",
					"$(inherited)",
				);
				GCC_WARN_64_TO_32_BIT_CONVERSION = YES;
				GCC_WARN_ABOUT_RETURN_TYPE = YES_ERROR;
				GCC_WARN_UNDECLARED_SELECTOR = YES;
				GCC_WARN_UNINITIALIZED_AUTOS = YES_AGGRESSIVE;
				GCC_WARN_UNUSED_FUNCTION = YES;
				GCC_WARN_UNUSED_VARIABLE = YES;
				MACOSX_DEPLOYMENT_TARGET = 10.11;
				MTL_ENABLE_DEBUG_INFO = YES;
				ONLY_ACTIVE_ARCH = YES;
				SDKROOT = macosx;
			};
			name = Debug;
		};
		3ED785901FA58EDF002D9B78 /* Release */ = {
			isa = XCBuildConfiguration;
			buildSettings = {
				ALWAYS_SEARCH_USER_PATHS = NO;
				CLANG_ANALYZER_NONNULL = YES;
				CLANG_CXX_LANGUAGE_STANDARD = "gnu++0x";
				CLANG_CXX_LIBRARY = "libc++";
				CLANG_ENABLE_MODULES = YES;
				CLANG_ENABLE_OBJC_ARC = YES;
				CLANG_WARN_BOOL_CONVERSION = YES;
				CLANG_WARN_CONSTANT_CONVERSION = YES;
				CLANG_WARN_DIRECT_OBJC_ISA_USAGE = YES_ERROR;
				CLANG_WARN_DOCUMENTATION_COMMENTS = YES;
				CLANG_WARN_EMPTY_BODY = YES;
				CLANG_WARN_ENUM_CONVERSION = YES;
				CLANG_WARN_INFINITE_RECURSION = YES;
				CLANG_WARN_INT_CONVERSION = YES;
				CLANG_WARN_OBJC_ROOT_CLASS = YES_ERROR;
				CLANG_WARN_SUSPICIOUS_MOVE = YES;
				CLANG_WARN_UNREACHABLE_CODE = YES;
				CLANG_WARN__DUPLICATE_METHOD_MATCH = YES;
				CODE_SIGN_IDENTITY = "-";
				COPY_PHASE_STRIP = NO;
				DEBUG_INFORMATION_FORMAT = "dwarf-with-dsym";
				ENABLE_NS_ASSERTIONS = NO;
				ENABLE_STRICT_OBJC_MSGSEND = YES;
				GCC_C_LANGUAGE_STANDARD = gnu99;
				GCC_NO_COMMON_BLOCKS = YES;
				GCC_WARN_64_TO_32_BIT_CONVERSION = YES;
				GCC_WARN_ABOUT_RETURN_TYPE = YES_ERROR;
				GCC_WARN_UNDECLARED_SELECTOR = YES;
				GCC_WARN_UNINITIALIZED_AUTOS = YES_AGGRESSIVE;
				GCC_WARN_UNUSED_FUNCTION = YES;
				GCC_WARN_UNUSED_VARIABLE = YES;
				MACOSX_DEPLOYMENT_TARGET = 10.11;
				MTL_ENABLE_DEBUG_INFO = NO;
				SDKROOT = macosx;
			};
			name = Release;
		};
		3ED785921FA58EDF002D9B78 /* Debug */ = {
			isa = XCBuildConfiguration;
			buildSettings = {
				CLANG_CXX_LANGUAGE_STANDARD = "c++17";
				"GCC_PREPROCESSOR_DEFINITIONS[arch=*]" = (
					"DEBUG=1",
					"$(inherited)",
					NCURSES_WIDECHAR,
				);
				HEADER_SEARCH_PATHS = /opt/local/include;
				LIBRARY_SEARCH_PATHS = (
					"$(inherited)",
					/opt/local/lib,
				);
				PRODUCT_NAME = "$(TARGET_NAME)";
			};
			name = Debug;
		};
		3ED785931FA58EDF002D9B78 /* Release */ = {
			isa = XCBuildConfiguration;
			buildSettings = {
				CLANG_CXX_LANGUAGE_STANDARD = "c++17";
				GCC_PREPROCESSOR_DEFINITIONS = NCURSES_WIDECHAR;
				"GCC_PREPROCESSOR_DEFINITIONS[arch=*]" = "";
				HEADER_SEARCH_PATHS = /opt/local/include;
				LIBRARY_SEARCH_PATHS = (
					"$(inherited)",
					/opt/local/lib,
				);
				PRODUCT_NAME = "$(TARGET_NAME)";
			};
			name = Release;
		};
/* End XCBuildConfiguration section */

/* Begin XCConfigurationList section */
		3ED785851FA58EDF002D9B78 /* Build configuration list for PBXProject "aboqa" */ = {
			isa = XCConfigurationList;
			buildConfigurations = (
				3ED7858F1FA58EDF002D9B78 /* Debug */,
				3ED785901FA58EDF002D9B78 /* Release */,
			);
			defaultConfigurationIsVisible = 0;
			defaultConfigurationName = Release;
		};
		3ED785911FA58EDF002D9B78 /* Build configuration list for PBXNativeTarget "aboqa" */ = {
			isa = XCConfigurationList;
			buildConfigurations = (
				3ED785921FA58EDF002D9B78 /* Debug */,
				3ED785931FA58EDF002D9B78 /* Release */,
			);
			defaultConfigurationIsVisible = 0;
			defaultConfigurationName = Release;
		};
/* End XCConfigurationList section */
	};
	rootObject = 3ED785821FA58EDF002D9B78 /* Project object */;
}
